
Microsoft Visual Studio Solution File, Format Version 12.00
Project("{FAE04EC0-301F-11D3-BF4B-00C04F79EFBC}") = "TheMillionthFibonacciKata", "TheMillionthFibonacciKata\TheMillionthFibonacciKata.csproj", "{64CE5D76-FF1D-4DFD-A100-2CC1DB4B6C26}"
EndProject
Global
	GlobalSection(SolutionConfigurationPlatforms) = preSolution
		Debug|Any CPU = Debug|Any CPU
		Release|Any CPU = Release|Any CPU
	EndGlobalSection
	GlobalSection(ProjectConfigurationPlatforms) = postSolution
		{64CE5D76-FF1D-4DFD-A100-2CC1DB4B6C26}.Debug|Any CPU.ActiveCfg = Debug|Any CPU
		{64CE5D76-FF1D-4DFD-A100-2CC1DB4B6C26}.Debug|Any CPU.Build.0 = Debug|Any CPU
		{64CE5D76-FF1D-4DFD-A100-2CC1DB4B6C26}.Release|Any CPU.ActiveCfg = Release|Any CPU
		{64CE5D76-FF1D-4DFD-A100-2CC1DB4B6C26}.Release|Any CPU.Build.0 = Release|Any CPU
	EndGlobalSection
EndGlobal
